
Microsoft Visual Studio Solution File, Format Version 12.00
# Visual Studio Version 17
VisualStudioVersion = 17.14.36408.4
MinimumVisualStudioVersion = 10.0.40219.1
Project("{FAE04EC0-301F-11D3-BF4B-00C04F79EFBC}") = "BlackHoleUI", "BlackHoleUI\BlackHoleUI.csproj", "{49747A27-5783-FBD2-16B2-EF3FB8EA940E}"
EndProject
Project("{FAE04EC0-301F-11D3-BF4B-00C04F79EFBC}") = "BlackHole", "Engine\BlackHole.csproj", "{07995610-DB01-9CF5-3E77-3897139DC7BA}"
EndProject
Project("{FAE04EC0-301F-11D3-BF4B-00C04F79EFBC}") = "BlackHoleUIWpfCtrl", "WpfControlUI\BlackHoleUIWpfCtrl.csproj", "{392F24B2-C6EC-277A-8951-0BBE044116DE}"
EndProject
Global
	GlobalSection(SolutionConfigurationPlatforms) = preSolution
		Debug|Any CPU = Debug|Any CPU
		Release|Any CPU = Release|Any CPU
	EndGlobalSection
	GlobalSection(ProjectConfigurationPlatforms) = postSolution
		{49747A27-5783-FBD2-16B2-EF3FB8EA940E}.Debug|Any CPU.ActiveCfg = Debug|Any CPU
		{49747A27-5783-FBD2-16B2-EF3FB8EA940E}.Debug|Any CPU.Build.0 = Debug|Any CPU
		{49747A27-5783-FBD2-16B2-EF3FB8EA940E}.Release|Any CPU.ActiveCfg = Release|Any CPU
		{49747A27-5783-FBD2-16B2-EF3FB8EA940E}.Release|Any CPU.Build.0 = Release|Any CPU
		{07995610-DB01-9CF5-3E77-3897139DC7BA}.Debug|Any CPU.ActiveCfg = Debug|Any CPU
		{07995610-DB01-9CF5-3E77-3897139DC7BA}.Debug|Any CPU.Build.0 = Debug|Any CPU
		{07995610-DB01-9CF5-3E77-3897139DC7BA}.Release|Any CPU.ActiveCfg = Release|Any CPU
		{07995610-DB01-9CF5-3E77-3897139DC7BA}.Release|Any CPU.Build.0 = Release|Any CPU
		{392F24B2-C6EC-277A-8951-0BBE044116DE}.Debug|Any CPU.ActiveCfg = Debug|Any CPU
		{392F24B2-C6EC-277A-8951-0BBE044116DE}.Debug|Any CPU.Build.0 = Debug|Any CPU
		{392F24B2-C6EC-277A-8951-0BBE044116DE}.Release|Any CPU.ActiveCfg = Release|Any CPU
		{392F24B2-C6EC-277A-8951-0BBE044116DE}.Release|Any CPU.Build.0 = Release|Any CPU
	EndGlobalSection
	GlobalSection(SolutionProperties) = preSolution
		HideSolutionNode = FALSE
	EndGlobalSection
	GlobalSection(ExtensibilityGlobals) = postSolution
		SolutionGuid = {CBB48B44-761A-4064-A705-3436CAC9EB85}
	EndGlobalSection
EndGlobal
